# This file is automatically @generated by Poetry 1.7.1 and should not be changed by hand.

[[package]]
name = "termcolor"
version = "2.4.0"
description = "ANSI color formatting for output in terminal"
optional = false
python-versions = ">=3.8"
files = [
    { file = "termcolor-2.4.0-py3-none-any.whl", hash = "sha256:9297c0df9c99445c2412e832e882a7884038a25617c60cea2ad69488d4040d63" },
    { file = "termcolor-2.4.0.tar.gz", hash = "sha256:aab9e56047c8ac41ed798fa36d892a37aca6b3e9159f3e0c24bc64a9b3ac7b7a" },
]

[package.extras]
tests = ["pytest", "pytest-cov"]

[package.source]
type = "legacy"
url = "https://pypi.tuna.tsinghua.edu.cn/simple"
reference = "mirrors"

[metadata]
lock-version = "2.0"
python-versions = "^3.12"
content-hash = "ca4d470006f9b4be12a8c790d0af52a0a8064d3745a3ea03ed8eb3c561cd5865"
